{
  "lockfileVersion": 0,
  "workspaces": {
    "": {
      "dependencies": {
        "@atcute/bluesky": "^1.0.8",
        "@atcute/client": "^2.0.5",
        "@badrap/valita": "^0.3.11",
        "date-fns": "^3.6.0",
        "tldts": "^6.1.63",
      },
      "devDependencies": {
        "@types/bun": "^1.1.13",
        "prettier": "^3.3.3",
        "typescript": "^5.7.2",
      },
    },
  },
  "packages": {
    "@atcute/bluesky": ["@atcute/bluesky@1.0.11", "", { "peerDependencies": { "@atcute/client": "^1.0.0 || ^2.0.0" } }, "sha512-j4wLJIzKWh0gmQZ7s5svhEVRThlzqyfstbM0qM/H1Y+ZIQESx5HtVu+390zAWzZoEKZYSyTM9+ctY39OiEGDQw=="],

    "@atcute/client": ["@atcute/client@2.0.6", "", {}, "sha512-mhdqEicGUx0s5HTFOLpz91rcLS9j/g63de0nmAqv7blhU3j+xBf4le54qr2YIXNfnReZI7EwLYLX/YIBez4LGA=="],

    "@badrap/valita": ["@badrap/valita@0.3.16", "", {}, "sha512-slP2blSd6A+xUBgGf+wW6adGd72ojBLxemU0jXQ0fXQcsZWYQ70wTLTJggs6+oxcAqN/bvYA3Ops8SqR2Imyaw=="],

    "@types/bun": ["@types/bun@1.1.14", "", { "dependencies": { "bun-types": "1.1.37" } }, "sha512-opVYiFGtO2af0dnWBdZWlioLBoxSdDO5qokaazLhq8XQtGZbY4pY3/JxY8Zdf/hEwGubbp7ErZXoN1+h2yesxA=="],

    "@types/node": ["@types/node@20.12.12", "", { "dependencies": { "undici-types": "~5.26.4" } }, "sha512-eWLDGF/FOSPtAvEqeRAQ4C8LSA7M1I7i0ky1I8U7kD1J5ITyW3AsRhQrKVoWf5pFKZ2kILsEGJhsI9r93PYnOw=="],

    "@types/ws": ["@types/ws@8.5.10", "", { "dependencies": { "@types/node": "*" } }, "sha512-vmQSUcfalpIq0R9q7uTo2lXs6eGIpt9wtnLdMv9LVpIjCA/+ufZRozlVoVelIYixx1ugCBKDhn89vnsEGOCx9A=="],

    "bun-types": ["bun-types@1.1.37", "", { "dependencies": { "@types/node": "~20.12.8", "@types/ws": "~8.5.10" } }, "sha512-C65lv6eBr3LPJWFZ2gswyrGZ82ljnH8flVE03xeXxKhi2ZGtFiO4isRKTKnitbSqtRAcaqYSR6djt1whI66AbA=="],

    "date-fns": ["date-fns@3.6.0", "", {}, "sha512-fRHTG8g/Gif+kSh50gaGEdToemgfj74aRX3swtiouboip5JDLAyDE9F11nHMIcvOaXeOC6D7SpNhi7uFyB7Uww=="],

    "prettier": ["prettier@3.4.2", "", { "bin": { "prettier": "bin/prettier.cjs" } }, "sha512-e9MewbtFo+Fevyuxn/4rrcDAaq0IYxPGLvObpQjiZBMAzB9IGmzlnG9RZy3FFas+eBMu2vA0CszMeduow5dIuQ=="],

    "tldts": ["tldts@6.1.68", "", { "dependencies": { "tldts-core": "^6.1.68" }, "bin": { "tldts": "bin/cli.js" } }, "sha512-JKF17jROiYkjJPT73hUTEiTp2OBCf+kAlB+1novk8i6Q6dWjHsgEjw9VLiipV4KTJavazXhY1QUXyQFSem2T7w=="],

    "tldts-core": ["tldts-core@6.1.68", "", {}, "sha512-85TdlS/DLW/gVdf2oyyzqp3ocS30WxjaL4la85EArl9cHUR/nizifKAJPziWewSZjDZS71U517/i6ciUeqtB5Q=="],

    "typescript": ["typescript@5.7.2", "", { "bin": { "tsc": "bin/tsc", "tsserver": "bin/tsserver" } }, "sha512-i5t66RHxDvVN40HfDd1PsEThGNnlMCMT3jMUuoh9/0TaqWevNontacunWyN02LA9/fIbEWlcHZcgTKb9QoaLfg=="],

    "undici-types": ["undici-types@5.26.5", "", {}, "sha512-JlCMO+ehdEIKqlFxk6IfVoAUVmgz7cU7zD/h9XZ0qzeosSHmUJVOzSQvvYSYWXkFXC+IfLKSIffhv0sVZup6pA=="],
  }
}
