# THIS IS AN AUTOGENERATED FILE. DO NOT EDIT THIS FILE DIRECTLY.
# yarn lockfile v1
# bun ./bun.lockb --hash: 6C7114D10A6E6B6F-5185d943a5b02d3e-8A8B528AB52F5114-ef5fac1708099eda


"@atcute/bluesky@^1.0.7":
  version "1.0.7"
  resolved "https://registry.npmjs.org/@atcute/bluesky/-/bluesky-1.0.7.tgz"
  integrity sha512-2jPHzl7WbcqRtcAXanJy4Lp638ujqnoGmPCPmBlmpEDP34D7EVKQqjN/mlvglb5n539dThA9xlSgIS8yOxwzDA==

"@atcute/client@^1.0.0 || ^2.0.0", "@atcute/client@^2.0.3":
  version "2.0.3"
  resolved "https://registry.npmjs.org/@atcute/client/-/client-2.0.3.tgz"
  integrity sha512-j9GryA5l+4F0BTQWa6/1XmsuSPSq+bqNCY3mrHUGD592hMqUZxgpYDLgRWL+719V287AW/56AwvFYlbjlENp7A==

"@badrap/valita@^0.3.10":
  version "0.3.11"
  resolved "https://registry.npmjs.org/@badrap/valita/-/valita-0.3.11.tgz"
  integrity sha512-oak0W8bycFjnrLeVCVvZqkOWTGh74wCPKUxGLJyhRukRs+V/hQdfZp1eDcQE4Gf3UrtJWfR/Ou4Xe0DZqJZ2FA==

"@types/bun@^1.1.11":
  version "1.1.12"
  resolved "https://registry.npmjs.org/@types/bun/-/bun-1.1.12.tgz"
  integrity sha512-UkewJesRDP3+AW30Gc8hvxuIt+vHgYZXmVOKaXV8xnwAnMXTAs3XZDsa/jW+LSdAYhHslokSm72lq63FYYjZqA==
  dependencies:
    bun-types "1.1.32"

"@types/node@*", "@types/node@~20.12.8":
  version "20.12.12"
  resolved "https://registry.npmjs.org/@types/node/-/node-20.12.12.tgz"
  integrity sha512-eWLDGF/FOSPtAvEqeRAQ4C8LSA7M1I7i0ky1I8U7kD1J5ITyW3AsRhQrKVoWf5pFKZ2kILsEGJhsI9r93PYnOw==
  dependencies:
    undici-types "~5.26.4"

"@types/ws@~8.5.10":
  version "8.5.10"
  resolved "https://registry.npmjs.org/@types/ws/-/ws-8.5.10.tgz"
  integrity sha512-vmQSUcfalpIq0R9q7uTo2lXs6eGIpt9wtnLdMv9LVpIjCA/+ufZRozlVoVelIYixx1ugCBKDhn89vnsEGOCx9A==
  dependencies:
    "@types/node" "*"

bun-types@1.1.32:
  version "1.1.32"
  resolved "https://registry.npmjs.org/bun-types/-/bun-types-1.1.32.tgz"
  integrity sha512-Lxgux4InO/WRjSAEy3iyDscsnDXR8+3rgNDeZYjPAizFYjUraoNuMl9PuRd9XMgFZgdyQwaUX7/QHmOw5KGFQw==
  dependencies:
    "@types/ws" "~8.5.10"
    "@types/node" "~20.12.8"

date-fns@^3.6.0:
  version "3.6.0"
  resolved "https://registry.npmjs.org/date-fns/-/date-fns-3.6.0.tgz"
  integrity sha512-fRHTG8g/Gif+kSh50gaGEdToemgfj74aRX3swtiouboip5JDLAyDE9F11nHMIcvOaXeOC6D7SpNhi7uFyB7Uww==

prettier@^3.3.3:
  version "3.3.3"
  resolved "https://registry.npmjs.org/prettier/-/prettier-3.3.3.tgz"
  integrity sha512-i2tDNA0O5IrMO757lfrdQZCc2jPNDVntV0m/+4whiDfWaTKfMNgR7Qz0NAeGz/nRqF4m5/6CLzbP4/liHt12Ew==

tldts@^6.1.51:
  version "6.1.55"
  resolved "https://registry.npmjs.org/tldts/-/tldts-6.1.55.tgz"
  integrity sha512-HxQR/9roQ07Pwc8RyyrJMAxRz5/ssoF3qIPPUiIo3zUt6yMdmYZjM2OZIFMiZ3jHyz9jrGHEHuQZrUhoc1LkDw==
  dependencies:
    tldts-core "^6.1.55"

tldts-core@^6.1.55:
  version "6.1.55"
  resolved "https://registry.npmjs.org/tldts-core/-/tldts-core-6.1.55.tgz"
  integrity sha512-BL+BuKHHaOpntE5BGI6naXjULU6aRlgaYdfDHR3T/hdbNTWkWUZ9yuc11wGnwgpvRwlyUiIK+QohYK3olaVU6Q==

typescript@^5.6.3:
  version "5.6.3"
  resolved "https://registry.npmjs.org/typescript/-/typescript-5.6.3.tgz"
  integrity sha512-hjcS1mhfuyi4WW8IWtjP7brDrG2cuDZukyrYrSauoXGNgx0S7zceP07adYkJycEr56BOUTNPzbInooiN3fn1qw==

undici-types@~5.26.4:
  version "5.26.5"
  resolved "https://registry.npmjs.org/undici-types/-/undici-types-5.26.5.tgz"
  integrity sha512-JlCMO+ehdEIKqlFxk6IfVoAUVmgz7cU7zD/h9XZ0qzeosSHmUJVOzSQvvYSYWXkFXC+IfLKSIffhv0sVZup6pA==
